
Microsoft Visual Studio Solution File, Format Version 12.00
# Visual Studio Version 17
VisualStudioVersion = 17.6.33712.159
MinimumVisualStudioVersion = 10.0.40219.1
Project("{FAE04EC0-301F-11D3-BF4B-00C04F79EFBC}") = "ProyectoE4", "ProyectoE4\ProyectoE4.csproj", "{94C78BE6-76EE-4974-AA52-8632E0976BD7}"
EndProject
Global
	GlobalSection(SolutionConfigurationPlatforms) = preSolution
		Debug|Any CPU = Debug|Any CPU
		Release|Any CPU = Release|Any CPU
	EndGlobalSection
	GlobalSection(ProjectConfigurationPlatforms) = postSolution
		{94C78BE6-76EE-4974-AA52-8632E0976BD7}.Debug|Any CPU.ActiveCfg = Debug|Any CPU
		{94C78BE6-76EE-4974-AA52-8632E0976BD7}.Debug|Any CPU.Build.0 = Debug|Any CPU
		{94C78BE6-76EE-4974-AA52-8632E0976BD7}.Release|Any CPU.ActiveCfg = Release|Any CPU
		{94C78BE6-76EE-4974-AA52-8632E0976BD7}.Release|Any CPU.Build.0 = Release|Any CPU
	EndGlobalSection
	GlobalSection(SolutionProperties) = preSolution
		HideSolutionNode = FALSE
	EndGlobalSection
	GlobalSection(ExtensibilityGlobals) = postSolution
		SolutionGuid = {3C749CC7-72D4-42C9-A9F8-539E7A9F38D5}
	EndGlobalSection
EndGlobal
